# THIS IS AN AUTOGENERATED FILE. DO NOT EDIT THIS FILE DIRECTLY.
# yarn lockfile v1


font-awesome@^4.7.0:
  version "4.7.0"
  resolved "https://registry.npm.taobao.org/font-awesome/download/font-awesome-4.7.0.tgz#8fa8cf0411a1a31afd07b06d2902bb9fc815a133"
  integrity sha1-j6jPBBGhoxr9B7BtKQK7n8gVoTM=

tantan-ui@^1.0.0:
  version "1.0.0"
  resolved "https://registry.npm.taobao.org/tantan-ui/download/tantan-ui-1.0.0.tgz#97992fe57c21c89344a11669f579c2b40848f69f"
  integrity sha1-l5kv5XwhyJNEoRZp9XnCtAhI9p8=
  dependencies:
    font-awesome "^4.7.0"
